// !$*UTF8*$!
{
	archiveVersion = 1;
	classes = {
	};
	objectVersion = 51;
	objects = {

/* Begin PBXBuildFile section */
		45D71BA12371B37E001ED778 /* AppDelegate.swift in Sources */ = {isa = PBXBuildFile; fileRef = 45D71BA02371B37E001ED778 /* AppDelegate.swift */; };
		45D71BA32371B37E001ED778 /* SceneDelegate.swift in Sources */ = {isa = PBXBuildFile; fileRef = 45D71BA22371B37E001ED778 /* SceneDelegate.swift */; };
		45D71BA82371B37E001ED778 /* Main.storyboard in Resources */ = {isa = PBXBuildFile; fileRef = 45D71BA62371B37E001ED778 /* Main.storyboard */; };
		45D71BAA2371B380001ED778 /* Assets.xcassets in Resources */ = {isa = PBXBuildFile; fileRef = 45D71BA92371B380001ED778 /* Assets.xcassets */; };
		45D71BAD2371B380001ED778 /* LaunchScreen.storyboard in Resources */ = {isa = PBXBuildFile; fileRef = 45D71BAB2371B380001ED778 /* LaunchScreen.storyboard */; };
		45D71BB5237309CB001ED778 /* NewsTableViewController.swift in Sources */ = {isa = PBXBuildFile; fileRef = 45D71BB4237309CB001ED778 /* NewsTableViewController.swift */; };
		45D71BB823744D0D001ED778 /* Article.swift in Sources */ = {isa = PBXBuildFile; fileRef = 45D71BB723744D0D001ED778 /* Article.swift */; };
		45D71BBB237453E2001ED778 /* ArticleCell.swift in Sources */ = {isa = PBXBuildFile; fileRef = 45D71BBA237453E2001ED778 /* ArticleCell.swift */; };
		45D71BBE237477B1001ED778 /* URLRequest+Observable.swift in Sources */ = {isa = PBXBuildFile; fileRef = 45D71BBD237477B1001ED778 /* URLRequest+Observable.swift */; };
		7B680608E42C0882BF98702D /* Pods_RxSwift_NewsApp.framework in Frameworks */ = {isa = PBXBuildFile; fileRef = 84842EF9C03524AD7165BE61 /* Pods_RxSwift_NewsApp.framework */; };
/* End PBXBuildFile section */

/* Begin PBXFileReference section */
		3776E420941438D8427DCA95 /* Pods-RxSwift-NewsApp.debug.xcconfig */ = {isa = PBXFileReference; includeInIndex = 1; lastKnownFileType = text.xcconfig; name = "Pods-RxSwift-NewsApp.debug.xcconfig"; path = "Target Support Files/Pods-RxSwift-NewsApp/Pods-RxSwift-NewsApp.debug.xcconfig"; sourceTree = "<group>"; };
		45D71B9D2371B37E001ED778 /* RxSwift-NewsApp.app */ = {isa = PBXFileReference; explicitFileType = wrapper.application; includeInIndex = 0; path = "RxSwift-NewsApp.app"; sourceTree = BUILT_PRODUCTS_DIR; };
		45D71BA02371B37E001ED778 /* AppDelegate.swift */ = {isa = PBXFileReference; lastKnownFileType = sourcecode.swift; path = AppDelegate.swift; sourceTree = "<group>"; };
		45D71BA22371B37E001ED778 /* SceneDelegate.swift */ = {isa = PBXFileReference; lastKnownFileType = sourcecode.swift; path = SceneDelegate.swift; sourceTree = "<group>"; };
		45D71BA72371B37E001ED778 /* Base */ = {isa = PBXFileReference; lastKnownFileType = file.storyboard; name = Base; path = Base.lproj/Main.storyboard; sourceTree = "<group>"; };
		45D71BA92371B380001ED778 /* Assets.xcassets */ = {isa = PBXFileReference; lastKnownFileType = folder.assetcatalog; path = Assets.xcassets; sourceTree = "<group>"; };
		45D71BAC2371B380001ED778 /* Base */ = {isa = PBXFileReference; lastKnownFileType = file.storyboard; name = Base; path = Base.lproj/LaunchScreen.storyboard; sourceTree = "<group>"; };
		45D71BAE2371B380001ED778 /* Info.plist */ = {isa = PBXFileReference; lastKnownFileType = text.plist.xml; path = Info.plist; sourceTree = "<group>"; };
		45D71BB4237309CB001ED778 /* NewsTableViewController.swift */ = {isa = PBXFileReference; lastKnownFileType = sourcecode.swift; path = NewsTableViewController.swift; sourceTree = "<group>"; };
		45D71BB723744D0D001ED778 /* Article.swift */ = {isa = PBXFileReference; lastKnownFileType = sourcecode.swift; path = Article.swift; sourceTree = "<group>"; };
		45D71BBA237453E2001ED778 /* ArticleCell.swift */ = {isa = PBXFileReference; lastKnownFileType = sourcecode.swift; path = ArticleCell.swift; sourceTree = "<group>"; };
		45D71BBD237477B1001ED778 /* URLRequest+Observable.swift */ = {isa = PBXFileReference; lastKnownFileType = sourcecode.swift; path = "URLRequest+Observable.swift"; sourceTree = "<group>"; };
		84842EF9C03524AD7165BE61 /* Pods_RxSwift_NewsApp.framework */ = {isa = PBXFileReference; explicitFileType = wrapper.framework; includeInIndex = 0; path = Pods_RxSwift_NewsApp.framework; sourceTree = BUILT_PRODUCTS_DIR; };
		D403C3CC73DCF12D8EA51088 /* Pods-RxSwift-NewsApp.release.xcconfig */ = {isa = PBXFileReference; includeInIndex = 1; lastKnownFileType = text.xcconfig; name = "Pods-RxSwift-NewsApp.release.xcconfig"; path = "Target Support Files/Pods-RxSwift-NewsApp/Pods-RxSwift-NewsApp.release.xcconfig"; sourceTree = "<group>"; };
/* End PBXFileReference section */

/* Begin PBXFrameworksBuildPhase section */
		45D71B9A2371B37E001ED778 /* Frameworks */ = {
			isa = PBXFrameworksBuildPhase;
			buildActionMask = 2147483647;
			files = (
				7B680608E42C0882BF98702D /* Pods_RxSwift_NewsApp.framework in Frameworks */,
			);
			runOnlyForDeploymentPostprocessing = 0;
		};
/* End PBXFrameworksBuildPhase section */

/* Begin PBXGroup section */
		37442A4125B02FEF72F48D63 /* Frameworks */ = {
			isa = PBXGroup;
			children = (
				84842EF9C03524AD7165BE61 /* Pods_RxSwift_NewsApp.framework */,
			);
			name = Frameworks;
			sourceTree = "<group>";
		};
		435E16993A803172D974DCA4 /* Pods */ = {
			isa = PBXGroup;
			children = (
				3776E420941438D8427DCA95 /* Pods-RxSwift-NewsApp.debug.xcconfig */,
				D403C3CC73DCF12D8EA51088 /* Pods-RxSwift-NewsApp.release.xcconfig */,
			);
			path = Pods;
			sourceTree = "<group>";
		};
		45D71B942371B37D001ED778 = {
			isa = PBXGroup;
			children = (
				45D71B9F2371B37E001ED778 /* RxSwift-NewsApp */,
				45D71B9E2371B37E001ED778 /* Products */,
				435E16993A803172D974DCA4 /* Pods */,
				37442A4125B02FEF72F48D63 /* Frameworks */,
			);
			sourceTree = "<group>";
		};
		45D71B9E2371B37E001ED778 /* Products */ = {
			isa = PBXGroup;
			children = (
				45D71B9D2371B37E001ED778 /* RxSwift-NewsApp.app */,
			);
			name = Products;
			sourceTree = "<group>";
		};
		45D71B9F2371B37E001ED778 /* RxSwift-NewsApp */ = {
			isa = PBXGroup;
			children = (
				45D71BBC23747790001ED778 /* Extensions */,
				45D71BB9237453CE001ED778 /* View */,
				45D71BB623744CF8001ED778 /* Model */,
				45D71BA02371B37E001ED778 /* AppDelegate.swift */,
				45D71BA22371B37E001ED778 /* SceneDelegate.swift */,
				45D71BA62371B37E001ED778 /* Main.storyboard */,
				45D71BB4237309CB001ED778 /* NewsTableViewController.swift */,
				45D71BA92371B380001ED778 /* Assets.xcassets */,
				45D71BAB2371B380001ED778 /* LaunchScreen.storyboard */,
				45D71BAE2371B380001ED778 /* Info.plist */,
			);
			path = "RxSwift-NewsApp";
			sourceTree = "<group>";
		};
		45D71BB623744CF8001ED778 /* Model */ = {
			isa = PBXGroup;
			children = (
				45D71BB723744D0D001ED778 /* Article.swift */,
			);
			path = Model;
			sourceTree = "<group>";
		};
		45D71BB9237453CE001ED778 /* View */ = {
			isa = PBXGroup;
			children = (
				45D71BBA237453E2001ED778 /* ArticleCell.swift */,
			);
			path = View;
			sourceTree = "<group>";
		};
		45D71BBC23747790001ED778 /* Extensions */ = {
			isa = PBXGroup;
			children = (
				45D71BBD237477B1001ED778 /* URLRequest+Observable.swift */,
			);
			path = Extensions;
			sourceTree = "<group>";
		};
/* End PBXGroup section */

/* Begin PBXNativeTarget section */
		45D71B9C2371B37E001ED778 /* RxSwift-NewsApp */ = {
			isa = PBXNativeTarget;
			buildConfigurationList = 45D71BB12371B380001ED778 /* Build configuration list for PBXNativeTarget "RxSwift-NewsApp" */;
			buildPhases = (
				2E5BAB52531C5445ABD8379E /* [CP] Check Pods Manifest.lock */,
				45D71B992371B37E001ED778 /* Sources */,
				45D71B9A2371B37E001ED778 /* Frameworks */,
				45D71B9B2371B37E001ED778 /* Resources */,
				89672EF97270EE5882E19242 /* [CP] Embed Pods Frameworks */,
			);
			buildRules = (
			);
			dependencies = (
			);
			name = "RxSwift-NewsApp";
			productName = "RxSwift-NewsApp";
			productReference = 45D71B9D2371B37E001ED778 /* RxSwift-NewsApp.app */;
			productType = "com.apple.product-type.application";
		};
/* End PBXNativeTarget section */

/* Begin PBXProject section */
		45D71B952371B37D001ED778 /* Project object */ = {
			isa = PBXProject;
			attributes = {
				LastSwiftUpdateCheck = 1110;
				LastUpgradeCheck = 1110;
				ORGANIZATIONNAME = kawaharadai;
				TargetAttributes = {
					45D71B9C2371B37E001ED778 = {
						CreatedOnToolsVersion = 11.1;
					};
				};
			};
			buildConfigurationList = 45D71B982371B37D001ED778 /* Build configuration list for PBXProject "RxSwift-NewsApp" */;
			compatibilityVersion = "Xcode 9.3";
			developmentRegion = en;
			hasScannedForEncodings = 0;
			knownRegions = (
				en,
				Base,
			);
			mainGroup = 45D71B942371B37D001ED778;
			productRefGroup = 45D71B9E2371B37E001ED778 /* Products */;
			projectDirPath = "";
			projectRoot = "";
			targets = (
				45D71B9C2371B37E001ED778 /* RxSwift-NewsApp */,
			);
		};
/* End PBXProject section */

/* Begin PBXResourcesBuildPhase section */
		45D71B9B2371B37E001ED778 /* Resources */ = {
			isa = PBXResourcesBuildPhase;
			buildActionMask = 2147483647;
			files = (
				45D71BAD2371B380001ED778 /* LaunchScreen.storyboard in Resources */,
				45D71BAA2371B380001ED778 /* Assets.xcassets in Resources */,
				45D71BA82371B37E001ED778 /* Main.storyboard in Resources */,
			);
			runOnlyForDeploymentPostprocessing = 0;
		};
/* End PBXResourcesBuildPhase section */

/* Begin PBXShellScriptBuildPhase section */
		2E5BAB52531C5445ABD8379E /* [CP] Check Pods Manifest.lock */ = {
			isa = PBXShellScriptBuildPhase;
			buildActionMask = 2147483647;
			files = (
			);
			inputFileListPaths = (
			);
			inputPaths = (
				"${PODS_PODFILE_DIR_PATH}/Podfile.lock",
				"${PODS_ROOT}/Manifest.lock",
			);
			name = "[CP] Check Pods Manifest.lock";
			outputFileListPaths = (
			);
			outputPaths = (
				"$(DERIVED_FILE_DIR)/Pods-RxSwift-NewsApp-checkManifestLockResult.txt",
			);
			runOnlyForDeploymentPostprocessing = 0;
			shellPath = /bin/sh;
			shellScript = "diff \"${PODS_PODFILE_DIR_PATH}/Podfile.lock\" \"${PODS_ROOT}/Manifest.lock\" > /dev/null\nif [ $? != 0 ] ; then\n    # print error to STDERR\n    echo \"error: The sandbox is not in sync with the Podfile.lock. Run 'pod install' or update your CocoaPods installation.\" >&2\n    exit 1\nfi\n# This output is used by Xcode 'outputs' to avoid re-running this script phase.\necho \"SUCCESS\" > \"${SCRIPT_OUTPUT_FILE_0}\"\n";
			showEnvVarsInLog = 0;
		};
		89672EF97270EE5882E19242 /* [CP] Embed Pods Frameworks */ = {
			isa = PBXShellScriptBuildPhase;
			buildActionMask = 2147483647;
			files = (
			);
			inputFileListPaths = (
				"${PODS_ROOT}/Target Support Files/Pods-RxSwift-NewsApp/Pods-RxSwift-NewsApp-frameworks-${CONFIGURATION}-input-files.xcfilelist",
			);
			name = "[CP] Embed Pods Frameworks";
			outputFileListPaths = (
				"${PODS_ROOT}/Target Support Files/Pods-RxSwift-NewsApp/Pods-RxSwift-NewsApp-frameworks-${CONFIGURATION}-output-files.xcfilelist",
			);
			runOnlyForDeploymentPostprocessing = 0;
			shellPath = /bin/sh;
			shellScript = "\"${PODS_ROOT}/Target Support Files/Pods-RxSwift-NewsApp/Pods-RxSwift-NewsApp-frameworks.sh\"\n";
			showEnvVarsInLog = 0;
		};
/* End PBXShellScriptBuildPhase section */

/* Begin PBXSourcesBuildPhase section */
		45D71B992371B37E001ED778 /* Sources */ = {
			isa = PBXSourcesBuildPhase;
			buildActionMask = 2147483647;
			files = (
				45D71BBE237477B1001ED778 /* URLRequest+Observable.swift in Sources */,
				45D71BB823744D0D001ED778 /* Article.swift in Sources */,
				45D71BA12371B37E001ED778 /* AppDelegate.swift in Sources */,
				45D71BA32371B37E001ED778 /* SceneDelegate.swift in Sources */,
				45D71BBB237453E2001ED778 /* ArticleCell.swift in Sources */,
				45D71BB5237309CB001ED778 /* NewsTableViewController.swift in Sources */,
			);
			runOnlyForDeploymentPostprocessing = 0;
		};
/* End PBXSourcesBuildPhase section */

/* Begin PBXVariantGroup section */
		45D71BA62371B37E001ED778 /* Main.storyboard */ = {
			isa = PBXVariantGroup;
			children = (
				45D71BA72371B37E001ED778 /* Base */,
			);
			name = Main.storyboard;
			sourceTree = "<group>";
		};
		45D71BAB2371B380001ED778 /* LaunchScreen.storyboard */ = {
			isa = PBXVariantGroup;
			children = (
				45D71BAC2371B380001ED778 /* Base */,
			);
			name = LaunchScreen.storyboard;
			sourceTree = "<group>";
		};
/* End PBXVariantGroup section */

/* Begin XCBuildConfiguration section */
		45D71BAF2371B380001ED778 /* Debug */ = {
			isa = XCBuildConfiguration;
			buildSettings = {
				ALWAYS_SEARCH_USER_PATHS = NO;
				CLANG_ANALYZER_NONNULL = YES;
				CLANG_ANALYZER_NUMBER_OBJECT_CONVERSION = YES_AGGRESSIVE;
				CLANG_CXX_LANGUAGE_STANDARD = "gnu++14";
				CLANG_CXX_LIBRARY = "libc++";
				CLANG_ENABLE_MODULES = YES;
				CLANG_ENABLE_OBJC_ARC = YES;
				CLANG_ENABLE_OBJC_WEAK = YES;
				CLANG_WARN_BLOCK_CAPTURE_AUTORELEASING = YES;
				CLANG_WARN_BOOL_CONVERSION = YES;
				CLANG_WARN_COMMA = YES;
				CLANG_WARN_CONSTANT_CONVERSION = YES;
				CLANG_WARN_DEPRECATED_OBJC_IMPLEMENTATIONS = YES;
				CLANG_WARN_DIRECT_OBJC_ISA_USAGE = YES_ERROR;
				CLANG_WARN_DOCUMENTATION_COMMENTS = YES;
				CLANG_WARN_EMPTY_BODY = YES;
				CLANG_WARN_ENUM_CONVERSION = YES;
				CLANG_WARN_INFINITE_RECURSION = YES;
				CLANG_WARN_INT_CONVERSION = YES;
				CLANG_WARN_NON_LITERAL_NULL_CONVERSION = YES;
				CLANG_WARN_OBJC_IMPLICIT_RETAIN_SELF = YES;
				CLANG_WARN_OBJC_LITERAL_CONVERSION = YES;
				CLANG_WARN_OBJC_ROOT_CLASS = YES_ERROR;
				CLANG_WARN_RANGE_LOOP_ANALYSIS = YES;
				CLANG_WARN_STRICT_PROTOTYPES = YES;
				CLANG_WARN_SUSPICIOUS_MOVE = YES;
				CLANG_WARN_UNGUARDED_AVAILABILITY = YES_AGGRESSIVE;
				CLANG_WARN_UNREACHABLE_CODE = YES;
				CLANG_WARN__DUPLICATE_METHOD_MATCH = YES;
				COPY_PHASE_STRIP = NO;
				DEBUG_INFORMATION_FORMAT = dwarf;
				ENABLE_STRICT_OBJC_MSGSEND = YES;
				ENABLE_TESTABILITY = YES;
				GCC_C_LANGUAGE_STANDARD = gnu11;
				GCC_DYNAMIC_NO_PIC = NO;
				GCC_NO_COMMON_BLOCKS = YES;
				GCC_OPTIMIZATION_LEVEL = 0;
				GCC_PREPROCESSOR_DEFINITIONS = (
					"DEBUG=1",
					"$(inherited)",
				);
				GCC_WARN_64_TO_32_BIT_CONVERSION = YES;
				GCC_WARN_ABOUT_RETURN_TYPE = YES_ERROR;
				GCC_WARN_UNDECLARED_SELECTOR = YES;
				GCC_WARN_UNINITIALIZED_AUTOS = YES_AGGRESSIVE;
				GCC_WARN_UNUSED_FUNCTION = YES;
				GCC_WARN_UNUSED_VARIABLE = YES;
				IPHONEOS_DEPLOYMENT_TARGET = 13.1;
				MTL_ENABLE_DEBUG_INFO = INCLUDE_SOURCE;
				MTL_FAST_MATH = YES;
				ONLY_ACTIVE_ARCH = YES;
				SDKROOT = iphoneos;
				SWIFT_ACTIVE_COMPILATION_CONDITIONS = DEBUG;
				SWIFT_OPTIMIZATION_LEVEL = "-Onone";
			};
			name = Debug;
		};
		45D71BB02371B380001ED778 /* Release */ = {
			isa = XCBuildConfiguration;
			buildSettings = {
				ALWAYS_SEARCH_USER_PATHS = NO;
				CLANG_ANALYZER_NONNULL = YES;
				CLANG_ANALYZER_NUMBER_OBJECT_CONVERSION = YES_AGGRESSIVE;
				CLANG_CXX_LANGUAGE_STANDARD = "gnu++14";
				CLANG_CXX_LIBRARY = "libc++";
				CLANG_ENABLE_MODULES = YES;
				CLANG_ENABLE_OBJC_ARC = YES;
				CLANG_ENABLE_OBJC_WEAK = YES;
				CLANG_WARN_BLOCK_CAPTURE_AUTORELEASING = YES;
				CLANG_WARN_BOOL_CONVERSION = YES;
				CLANG_WARN_COMMA = YES;
				CLANG_WARN_CONSTANT_CONVERSION = YES;
				CLANG_WARN_DEPRECATED_OBJC_IMPLEMENTATIONS = YES;
				CLANG_WARN_DIRECT_OBJC_ISA_USAGE = YES_ERROR;
				CLANG_WARN_DOCUMENTATION_COMMENTS = YES;
				CLANG_WARN_EMPTY_BODY = YES;
				CLANG_WARN_ENUM_CONVERSION = YES;
				CLANG_WARN_INFINITE_RECURSION = YES;
				CLANG_WARN_INT_CONVERSION = YES;
				CLANG_WARN_NON_LITERAL_NULL_CONVERSION = YES;
				CLANG_WARN_OBJC_IMPLICIT_RETAIN_SELF = YES;
				CLANG_WARN_OBJC_LITERAL_CONVERSION = YES;
				CLANG_WARN_OBJC_ROOT_CLASS = YES_ERROR;
				CLANG_WARN_RANGE_LOOP_ANALYSIS = YES;
				CLANG_WARN_STRICT_PROTOTYPES = YES;
				CLANG_WARN_SUSPICIOUS_MOVE = YES;
				CLANG_WARN_UNGUARDED_AVAILABILITY = YES_AGGRESSIVE;
				CLANG_WARN_UNREACHABLE_CODE = YES;
				CLANG_WARN__DUPLICATE_METHOD_MATCH = YES;
				COPY_PHASE_STRIP = NO;
				DEBUG_INFORMATION_FORMAT = "dwarf-with-dsym";
				ENABLE_NS_ASSERTIONS = NO;
				ENABLE_STRICT_OBJC_MSGSEND = YES;
				GCC_C_LANGUAGE_STANDARD = gnu11;
				GCC_NO_COMMON_BLOCKS = YES;
				GCC_WARN_64_TO_32_BIT_CONVERSION = YES;
				GCC_WARN_ABOUT_RETURN_TYPE = YES_ERROR;
				GCC_WARN_UNDECLARED_SELECTOR = YES;
				GCC_WARN_UNINITIALIZED_AUTOS = YES_AGGRESSIVE;
				GCC_WARN_UNUSED_FUNCTION = YES;
				GCC_WARN_UNUSED_VARIABLE = YES;
				IPHONEOS_DEPLOYMENT_TARGET = 13.1;
				MTL_ENABLE_DEBUG_INFO = NO;
				MTL_FAST_MATH = YES;
				SDKROOT = iphoneos;
				SWIFT_COMPILATION_MODE = wholemodule;
				SWIFT_OPTIMIZATION_LEVEL = "-O";
				VALIDATE_PRODUCT = YES;
			};
			name = Release;
		};
		45D71BB22371B380001ED778 /* Debug */ = {
			isa = XCBuildConfiguration;
			baseConfigurationReference = 3776E420941438D8427DCA95 /* Pods-RxSwift-NewsApp.debug.xcconfig */;
			buildSettings = {
				ASSETCATALOG_COMPILER_APPICON_NAME = AppIcon;
				CODE_SIGN_STYLE = Automatic;
				DEVELOPMENT_TEAM = LVR5UQEHBD;
				INFOPLIST_FILE = "RxSwift-NewsApp/Info.plist";
				LD_RUNPATH_SEARCH_PATHS = (
					"$(inherited)",
					"@executable_path/Frameworks",
				);
				PRODUCT_BUNDLE_IDENTIFIER = "com.kawahara.RxSwift-NewsApp";
				PRODUCT_NAME = "$(TARGET_NAME)";
				SWIFT_VERSION = 5.0;
				TARGETED_DEVICE_FAMILY = 1;
			};
			name = Debug;
		};
		45D71BB32371B380001ED778 /* Release */ = {
			isa = XCBuildConfiguration;
			baseConfigurationReference = D403C3CC73DCF12D8EA51088 /* Pods-RxSwift-NewsApp.release.xcconfig */;
			buildSettings = {
				ASSETCATALOG_COMPILER_APPICON_NAME = AppIcon;
				CODE_SIGN_STYLE = Automatic;
				DEVELOPMENT_TEAM = LVR5UQEHBD;
				INFOPLIST_FILE = "RxSwift-NewsApp/Info.plist";
				LD_RUNPATH_SEARCH_PATHS = (
					"$(inherited)",
					"@executable_path/Frameworks",
				);
				PRODUCT_BUNDLE_IDENTIFIER = "com.kawahara.RxSwift-NewsApp";
				PRODUCT_NAME = "$(TARGET_NAME)";
				SWIFT_VERSION = 5.0;
				TARGETED_DEVICE_FAMILY = 1;
			};
			name = Release;
		};
/* End XCBuildConfiguration section */

/* Begin XCConfigurationList section */
		45D71B982371B37D001ED778 /* Build configuration list for PBXProject "RxSwift-NewsApp" */ = {
			isa = XCConfigurationList;
			buildConfigurations = (
				45D71BAF2371B380001ED778 /* Debug */,
				45D71BB02371B380001ED778 /* Release */,
			);
			defaultConfigurationIsVisible = 0;
			defaultConfigurationName = Release;
		};
		45D71BB12371B380001ED778 /* Build configuration list for PBXNativeTarget "RxSwift-NewsApp" */ = {
			isa = XCConfigurationList;
			buildConfigurations = (
				45D71BB22371B380001ED778 /* Debug */,
				45D71BB32371B380001ED778 /* Release */,
			);
			defaultConfigurationIsVisible = 0;
			defaultConfigurationName = Release;
		};
/* End XCConfigurationList section */
	};
	rootObject = 45D71B952371B37D001ED778 /* Project object */;
}
